{
  "version": 4,
  "terraform_version": "1.1.6",
  "serial": 310,
  "lineage": "80c50121-fa55-748c-0882-deeb23bdd6c2",
  "outputs": {},
  "resources": [
    {
      "mode": "managed",
      "type": "azurerm_linux_virtual_machine",
      "name": "myVM",
      "provider": "provider[\"registry.terraform.io/hashicorp/azurerm\"]",
      "instances": [
        {
          "index_key": 1,
          "schema_version": 0,
          "attributes": {
            "additional_capabilities": [],
            "admin_password": null,
            "admin_ssh_key": [
              {
                "public_key": "ssh-rsa AAAAB3NzaC1yc2EAAAADAQABAAACAQDR/W2R/v3bWsBgTD65bX9Lqut9rmv59xmTj/j0D8t2StsNw0p57013z/o7px9AY+10hN7X19mn+J1BMVL0Me7ExvHmDGOp+pNxsuXxGWE1fGLRghfd9oVDhG4GdeN1JpxOr/c7Q3oWLDG9ztKeClitEW14VgdVc63XH3Sa7r+R4xX+4dsuNB5Cx9DwQ7G7tp6dBXkYD+yukDgtLHDk/eWYMBMaRnnOkFP/Mde3NJXt7FXvYfEdUPdlh9BUDkN32eN9G/AhyA/vhmiR6ajq4RSyhjfK+c8rp+pwWTfkNgJJW393acnwNTaK81uEsF/FJ/7Ri50SU0EEZXm+oYORKIS18eqtxKVXz0Z/wkIWff3TWvDzzZm7wBV9vbRELMjNG0Qu562KrnOwhsv5jZ9iM7VjuMEAMSEmRWf1lDEmDRCLhmIgVTSs+8NRTDAzxtn1v21/Gbu9GbsPQUPtILxffAKmu6UMp/9yTLNqbGyLI4Im79Ar2V3+3MuUxJb0FpHTa45nm583mhHnTkLGUUAlYMuYYlRhN7WSQjaJ/DVJjHgiPevAMvIMOJTxhzAyK/erwyxRNiKWt9t3EDTMIb37SbjnhKoJcJJw3DLnyxTm2Y10Z33+fdeuvOog5gh4aYToPcApAb6D5jvFrATHw02KeWairfTxpPEhft1us9QxefgJ7Q== sngular@PF18RCVJ\r\n",
                "username": "sngular"
              }
            ],
            "admin_username": "sngular",
            "allow_extension_operations": true,
            "availability_set_id": "",
            "boot_diagnostics": [
              {
                "storage_account_uri": "https://storageaccborjary.blob.core.windows.net/"
              }
            ],
            "computer_name": "worker01",
            "custom_data": null,
            "dedicated_host_id": "",
            "disable_password_authentication": true,
            "encryption_at_host_enabled": false,
            "eviction_policy": "",
            "extensions_time_budget": "PT1H30M",
            "id": "/subscriptions/1cb28021-dd45-4b25-9002-d54ab7a6a2fd/resourceGroups/kubernetes_rg/providers/Microsoft.Compute/virtualMachines/worker01",
            "identity": [],
            "location": "westeurope",
            "max_bid_price": -1,
            "name": "worker01",
            "network_interface_ids": [
              "/subscriptions/1cb28021-dd45-4b25-9002-d54ab7a6a2fd/resourceGroups/kubernetes_rg/providers/Microsoft.Network/networkInterfaces/vmnic-worker01"
            ],
            "os_disk": [
              {
                "caching": "ReadWrite",
                "diff_disk_settings": [],
                "disk_encryption_set_id": "",
                "disk_size_gb": 30,
                "name": "worker01_OsDisk_1_d5d4539127ad4a55941ecd4530a0dc2c",
                "storage_account_type": "Standard_LRS",
                "write_accelerator_enabled": false
              }
            ],
            "plan": [
              {
                "name": "centos-8-stream-free",
                "product": "centos-8-stream-free",
                "publisher": "cognosys"
              }
            ],
            "priority": "Regular",
            "private_ip_address": "10.0.2.10",
            "private_ip_addresses": [
              "10.0.2.10"
            ],
            "provision_vm_agent": true,
            "proximity_placement_group_id": "",
            "public_ip_address": "20.126.7.152",
            "public_ip_addresses": [
              "20.126.7.152"
            ],
            "resource_group_name": "kubernetes_rg",
            "secret": [],
            "size": "Standard_D2_v2",
            "source_image_id": "",
            "source_image_reference": [
              {
                "offer": "centos-8-stream-free",
                "publisher": "cognosys",
                "sku": "centos-8-stream-free",
                "version": "1.2019.0810"
              }
            ],
            "tags": {
              "environment": "CP2"
            },
            "timeouts": null,
            "virtual_machine_id": "260dc5d5-9fdf-4a7c-8253-2d9b81312649",
            "virtual_machine_scale_set_id": "",
            "zone": ""
          },
          "sensitive_attributes": [],
          "private": "eyJlMmJmYjczMC1lY2FhLTExZTYtOGY4OC0zNDM2M2JjN2M0YzAiOnsiY3JlYXRlIjoyNzAwMDAwMDAwMDAwLCJkZWxldGUiOjI3MDAwMDAwMDAwMDAsInJlYWQiOjMwMDAwMDAwMDAwMCwidXBkYXRlIjoyNzAwMDAwMDAwMDAwfX0=",
          "dependencies": [
            "azurerm_network_interface.myNic",
            "azurerm_public_ip.myPublicIp",
            "azurerm_resource_group.rg",
            "azurerm_storage_account.stAccount",
            "azurerm_subnet.mySubnet",
            "azurerm_virtual_network.myNet"
          ]
        },
        {
          "index_key": 2,
          "schema_version": 0,
          "attributes": {
            "additional_capabilities": [],
            "admin_password": null,
            "admin_ssh_key": [
              {
                "public_key": "ssh-rsa AAAAB3NzaC1yc2EAAAADAQABAAACAQDR/W2R/v3bWsBgTD65bX9Lqut9rmv59xmTj/j0D8t2StsNw0p57013z/o7px9AY+10hN7X19mn+J1BMVL0Me7ExvHmDGOp+pNxsuXxGWE1fGLRghfd9oVDhG4GdeN1JpxOr/c7Q3oWLDG9ztKeClitEW14VgdVc63XH3Sa7r+R4xX+4dsuNB5Cx9DwQ7G7tp6dBXkYD+yukDgtLHDk/eWYMBMaRnnOkFP/Mde3NJXt7FXvYfEdUPdlh9BUDkN32eN9G/AhyA/vhmiR6ajq4RSyhjfK+c8rp+pwWTfkNgJJW393acnwNTaK81uEsF/FJ/7Ri50SU0EEZXm+oYORKIS18eqtxKVXz0Z/wkIWff3TWvDzzZm7wBV9vbRELMjNG0Qu562KrnOwhsv5jZ9iM7VjuMEAMSEmRWf1lDEmDRCLhmIgVTSs+8NRTDAzxtn1v21/Gbu9GbsPQUPtILxffAKmu6UMp/9yTLNqbGyLI4Im79Ar2V3+3MuUxJb0FpHTa45nm583mhHnTkLGUUAlYMuYYlRhN7WSQjaJ/DVJjHgiPevAMvIMOJTxhzAyK/erwyxRNiKWt9t3EDTMIb37SbjnhKoJcJJw3DLnyxTm2Y10Z33+fdeuvOog5gh4aYToPcApAb6D5jvFrATHw02KeWairfTxpPEhft1us9QxefgJ7Q== sngular@PF18RCVJ\r\n",
                "username": "sngular"
              }
            ],
            "admin_username": "sngular",
            "allow_extension_operations": true,
            "availability_set_id": "",
            "boot_diagnostics": [
              {
                "storage_account_uri": "https://storageaccborjary.blob.core.windows.net/"
              }
            ],
            "computer_name": "worker02",
            "custom_data": null,
            "dedicated_host_id": "",
            "disable_password_authentication": true,
            "encryption_at_host_enabled": false,
            "eviction_policy": "",
            "extensions_time_budget": "PT1H30M",
            "id": "/subscriptions/1cb28021-dd45-4b25-9002-d54ab7a6a2fd/resourceGroups/kubernetes_rg/providers/Microsoft.Compute/virtualMachines/worker02",
            "identity": [],
            "location": "westeurope",
            "max_bid_price": -1,
            "name": "worker02",
            "network_interface_ids": [
              "/subscriptions/1cb28021-dd45-4b25-9002-d54ab7a6a2fd/resourceGroups/kubernetes_rg/providers/Microsoft.Network/networkInterfaces/vmnic-worker02"
            ],
            "os_disk": [
              {
                "caching": "ReadWrite",
                "diff_disk_settings": [],
                "disk_encryption_set_id": "",
                "disk_size_gb": 30,
                "name": "worker02_OsDisk_1_6c5764164cfd461884317c69ed156169",
                "storage_account_type": "Standard_LRS",
                "write_accelerator_enabled": false
              }
            ],
            "plan": [
              {
                "name": "centos-8-stream-free",
                "product": "centos-8-stream-free",
                "publisher": "cognosys"
              }
            ],
            "priority": "Regular",
            "private_ip_address": "10.0.3.10",
            "private_ip_addresses": [
              "10.0.3.10"
            ],
            "provision_vm_agent": true,
            "proximity_placement_group_id": "",
            "public_ip_address": "20.126.4.30",
            "public_ip_addresses": [
              "20.126.4.30"
            ],
            "resource_group_name": "kubernetes_rg",
            "secret": [],
            "size": "Standard_D2_v2",
            "source_image_id": "",
            "source_image_reference": [
              {
                "offer": "centos-8-stream-free",
                "publisher": "cognosys",
                "sku": "centos-8-stream-free",
                "version": "1.2019.0810"
              }
            ],
            "tags": {
              "environment": "CP2"
            },
            "timeouts": null,
            "virtual_machine_id": "d467d2cb-fe4b-491d-8d0d-f23456e29b6a",
            "virtual_machine_scale_set_id": "",
            "zone": ""
          },
          "sensitive_attributes": [],
          "private": "eyJlMmJmYjczMC1lY2FhLTExZTYtOGY4OC0zNDM2M2JjN2M0YzAiOnsiY3JlYXRlIjoyNzAwMDAwMDAwMDAwLCJkZWxldGUiOjI3MDAwMDAwMDAwMDAsInJlYWQiOjMwMDAwMDAwMDAwMCwidXBkYXRlIjoyNzAwMDAwMDAwMDAwfX0=",
          "dependencies": [
            "azurerm_network_interface.myNic",
            "azurerm_public_ip.myPublicIp",
            "azurerm_resource_group.rg",
            "azurerm_storage_account.stAccount",
            "azurerm_subnet.mySubnet",
            "azurerm_virtual_network.myNet"
          ]
        }
      ]
    },
    {
      "mode": "managed",
      "type": "azurerm_network_interface",
      "name": "myNic",
      "provider": "provider[\"registry.terraform.io/hashicorp/azurerm\"]",
      "instances": [
        {
          "index_key": 0,
          "schema_version": 0,
          "attributes": {
            "applied_dns_servers": [],
            "dns_servers": [],
            "enable_accelerated_networking": false,
            "enable_ip_forwarding": false,
            "id": "/subscriptions/1cb28021-dd45-4b25-9002-d54ab7a6a2fd/resourceGroups/kubernetes_rg/providers/Microsoft.Network/networkInterfaces/vmnic-master",
            "internal_dns_name_label": "",
            "internal_domain_name_suffix": "0xcp5lmw1sdu1o1w3cbw2ctbfg.ax.internal.cloudapp.net",
            "ip_configuration": [
              {
                "name": "myipconfiguration-master",
                "primary": true,
                "private_ip_address": "10.0.1.10",
                "private_ip_address_allocation": "Static",
                "private_ip_address_version": "IPv4",
                "public_ip_address_id": "/subscriptions/1cb28021-dd45-4b25-9002-d54ab7a6a2fd/resourceGroups/kubernetes_rg/providers/Microsoft.Network/publicIPAddresses/vmip-master",
                "subnet_id": "/subscriptions/1cb28021-dd45-4b25-9002-d54ab7a6a2fd/resourceGroups/kubernetes_rg/providers/Microsoft.Network/virtualNetworks/kubernetesnet-master/subnets/terraformsubnet-master"
              }
            ],
            "location": "westeurope",
            "mac_address": "",
            "name": "vmnic-master",
            "private_ip_address": "10.0.1.10",
            "private_ip_addresses": [
              "10.0.1.10"
            ],
            "resource_group_name": "kubernetes_rg",
            "tags": {
              "environment": "CP2"
            },
            "timeouts": null,
            "virtual_machine_id": ""
          },
          "sensitive_attributes": [],
          "private": "eyJlMmJmYjczMC1lY2FhLTExZTYtOGY4OC0zNDM2M2JjN2M0YzAiOnsiY3JlYXRlIjoxODAwMDAwMDAwMDAwLCJkZWxldGUiOjE4MDAwMDAwMDAwMDAsInJlYWQiOjMwMDAwMDAwMDAwMCwidXBkYXRlIjoxODAwMDAwMDAwMDAwfX0=",
          "dependencies": [
            "azurerm_public_ip.myPublicIp",
            "azurerm_resource_group.rg",
            "azurerm_subnet.mySubnet",
            "azurerm_virtual_network.myNet"
          ]
        },
        {
          "index_key": 1,
          "schema_version": 0,
          "attributes": {
            "applied_dns_servers": [],
            "dns_servers": [],
            "enable_accelerated_networking": false,
            "enable_ip_forwarding": false,
            "id": "/subscriptions/1cb28021-dd45-4b25-9002-d54ab7a6a2fd/resourceGroups/kubernetes_rg/providers/Microsoft.Network/networkInterfaces/vmnic-worker01",
            "internal_dns_name_label": "",
            "internal_domain_name_suffix": "5brbg0qbp2cebkqj4wod2n25bh.ax.internal.cloudapp.net",
            "ip_configuration": [
              {
                "name": "myipconfiguration-worker01",
                "primary": true,
                "private_ip_address": "10.0.2.10",
                "private_ip_address_allocation": "Static",
                "private_ip_address_version": "IPv4",
                "public_ip_address_id": "/subscriptions/1cb28021-dd45-4b25-9002-d54ab7a6a2fd/resourceGroups/kubernetes_rg/providers/Microsoft.Network/publicIPAddresses/vmip-worker01",
                "subnet_id": "/subscriptions/1cb28021-dd45-4b25-9002-d54ab7a6a2fd/resourceGroups/kubernetes_rg/providers/Microsoft.Network/virtualNetworks/kubernetesnet-worker01/subnets/terraformsubnet-worker01"
              }
            ],
            "location": "westeurope",
            "mac_address": "",
            "name": "vmnic-worker01",
            "private_ip_address": "10.0.2.10",
            "private_ip_addresses": [
              "10.0.2.10"
            ],
            "resource_group_name": "kubernetes_rg",
            "tags": {
              "environment": "CP2"
            },
            "timeouts": null,
            "virtual_machine_id": ""
          },
          "sensitive_attributes": [],
          "private": "eyJlMmJmYjczMC1lY2FhLTExZTYtOGY4OC0zNDM2M2JjN2M0YzAiOnsiY3JlYXRlIjoxODAwMDAwMDAwMDAwLCJkZWxldGUiOjE4MDAwMDAwMDAwMDAsInJlYWQiOjMwMDAwMDAwMDAwMCwidXBkYXRlIjoxODAwMDAwMDAwMDAwfX0=",
          "dependencies": [
            "azurerm_public_ip.myPublicIp",
            "azurerm_resource_group.rg",
            "azurerm_subnet.mySubnet",
            "azurerm_virtual_network.myNet"
          ]
        },
        {
          "index_key": 2,
          "schema_version": 0,
          "attributes": {
            "applied_dns_servers": [],
            "dns_servers": [],
            "enable_accelerated_networking": false,
            "enable_ip_forwarding": false,
            "id": "/subscriptions/1cb28021-dd45-4b25-9002-d54ab7a6a2fd/resourceGroups/kubernetes_rg/providers/Microsoft.Network/networkInterfaces/vmnic-worker02",
            "internal_dns_name_label": "",
            "internal_domain_name_suffix": "nmegub0pbnpufng4xj3g43xbug.ax.internal.cloudapp.net",
            "ip_configuration": [
              {
                "name": "myipconfiguration-worker02",
                "primary": true,
                "private_ip_address": "10.0.3.10",
                "private_ip_address_allocation": "Static",
                "private_ip_address_version": "IPv4",
                "public_ip_address_id": "/subscriptions/1cb28021-dd45-4b25-9002-d54ab7a6a2fd/resourceGroups/kubernetes_rg/providers/Microsoft.Network/publicIPAddresses/vmip-worker02",
                "subnet_id": "/subscriptions/1cb28021-dd45-4b25-9002-d54ab7a6a2fd/resourceGroups/kubernetes_rg/providers/Microsoft.Network/virtualNetworks/kubernetesnet-worker02/subnets/terraformsubnet-worker02"
              }
            ],
            "location": "westeurope",
            "mac_address": "",
            "name": "vmnic-worker02",
            "private_ip_address": "10.0.3.10",
            "private_ip_addresses": [
              "10.0.3.10"
            ],
            "resource_group_name": "kubernetes_rg",
            "tags": {
              "environment": "CP2"
            },
            "timeouts": null,
            "virtual_machine_id": ""
          },
          "sensitive_attributes": [],
          "private": "eyJlMmJmYjczMC1lY2FhLTExZTYtOGY4OC0zNDM2M2JjN2M0YzAiOnsiY3JlYXRlIjoxODAwMDAwMDAwMDAwLCJkZWxldGUiOjE4MDAwMDAwMDAwMDAsInJlYWQiOjMwMDAwMDAwMDAwMCwidXBkYXRlIjoxODAwMDAwMDAwMDAwfX0=",
          "dependencies": [
            "azurerm_public_ip.myPublicIp",
            "azurerm_resource_group.rg",
            "azurerm_subnet.mySubnet",
            "azurerm_virtual_network.myNet"
          ]
        },
        {
          "index_key": 3,
          "schema_version": 0,
          "attributes": {
            "applied_dns_servers": [],
            "dns_servers": [],
            "enable_accelerated_networking": false,
            "enable_ip_forwarding": false,
            "id": "/subscriptions/1cb28021-dd45-4b25-9002-d54ab7a6a2fd/resourceGroups/kubernetes_rg/providers/Microsoft.Network/networkInterfaces/vmnic-nfs",
            "internal_dns_name_label": "",
            "internal_domain_name_suffix": "ava4dz2tcwvevax25fhkee3xrg.ax.internal.cloudapp.net",
            "ip_configuration": [
              {
                "name": "myipconfiguration-nfs",
                "primary": true,
                "private_ip_address": "10.0.4.10",
                "private_ip_address_allocation": "Static",
                "private_ip_address_version": "IPv4",
                "public_ip_address_id": "/subscriptions/1cb28021-dd45-4b25-9002-d54ab7a6a2fd/resourceGroups/kubernetes_rg/providers/Microsoft.Network/publicIPAddresses/vmip-nfs",
                "subnet_id": "/subscriptions/1cb28021-dd45-4b25-9002-d54ab7a6a2fd/resourceGroups/kubernetes_rg/providers/Microsoft.Network/virtualNetworks/kubernetesnet-nfs/subnets/terraformsubnet-nfs"
              }
            ],
            "location": "westeurope",
            "mac_address": "",
            "name": "vmnic-nfs",
            "private_ip_address": "10.0.4.10",
            "private_ip_addresses": [
              "10.0.4.10"
            ],
            "resource_group_name": "kubernetes_rg",
            "tags": {
              "environment": "CP2"
            },
            "timeouts": null,
            "virtual_machine_id": ""
          },
          "sensitive_attributes": [],
          "private": "eyJlMmJmYjczMC1lY2FhLTExZTYtOGY4OC0zNDM2M2JjN2M0YzAiOnsiY3JlYXRlIjoxODAwMDAwMDAwMDAwLCJkZWxldGUiOjE4MDAwMDAwMDAwMDAsInJlYWQiOjMwMDAwMDAwMDAwMCwidXBkYXRlIjoxODAwMDAwMDAwMDAwfX0=",
          "dependencies": [
            "azurerm_public_ip.myPublicIp",
            "azurerm_resource_group.rg",
            "azurerm_subnet.mySubnet",
            "azurerm_virtual_network.myNet"
          ]
        }
      ]
    },
    {
      "mode": "managed",
      "type": "azurerm_network_interface_security_group_association",
      "name": "mySecGroupAssociation",
      "provider": "provider[\"registry.terraform.io/hashicorp/azurerm\"]",
      "instances": [
        {
          "index_key": 0,
          "schema_version": 0,
          "attributes": {
            "id": "/subscriptions/1cb28021-dd45-4b25-9002-d54ab7a6a2fd/resourceGroups/kubernetes_rg/providers/Microsoft.Network/networkInterfaces/vmnic-master|/subscriptions/1cb28021-dd45-4b25-9002-d54ab7a6a2fd/resourceGroups/kubernetes_rg/providers/Microsoft.Network/networkSecurityGroups/sshtraffic",
            "network_interface_id": "/subscriptions/1cb28021-dd45-4b25-9002-d54ab7a6a2fd/resourceGroups/kubernetes_rg/providers/Microsoft.Network/networkInterfaces/vmnic-master",
            "network_security_group_id": "/subscriptions/1cb28021-dd45-4b25-9002-d54ab7a6a2fd/resourceGroups/kubernetes_rg/providers/Microsoft.Network/networkSecurityGroups/sshtraffic",
            "timeouts": null
          },
          "sensitive_attributes": [],
          "private": "eyJlMmJmYjczMC1lY2FhLTExZTYtOGY4OC0zNDM2M2JjN2M0YzAiOnsiY3JlYXRlIjoxODAwMDAwMDAwMDAwLCJkZWxldGUiOjE4MDAwMDAwMDAwMDAsInJlYWQiOjMwMDAwMDAwMDAwMCwidXBkYXRlIjoxODAwMDAwMDAwMDAwfX0=",
          "dependencies": [
            "azurerm_network_interface.myNic",
            "azurerm_network_security_group.mySecGroup",
            "azurerm_public_ip.myPublicIp",
            "azurerm_resource_group.rg",
            "azurerm_subnet.mySubnet",
            "azurerm_virtual_network.myNet"
          ]
        },
        {
          "index_key": 1,
          "schema_version": 0,
          "attributes": {
            "id": "/subscriptions/1cb28021-dd45-4b25-9002-d54ab7a6a2fd/resourceGroups/kubernetes_rg/providers/Microsoft.Network/networkInterfaces/vmnic-worker01|/subscriptions/1cb28021-dd45-4b25-9002-d54ab7a6a2fd/resourceGroups/kubernetes_rg/providers/Microsoft.Network/networkSecurityGroups/sshtraffic",
            "network_interface_id": "/subscriptions/1cb28021-dd45-4b25-9002-d54ab7a6a2fd/resourceGroups/kubernetes_rg/providers/Microsoft.Network/networkInterfaces/vmnic-worker01",
            "network_security_group_id": "/subscriptions/1cb28021-dd45-4b25-9002-d54ab7a6a2fd/resourceGroups/kubernetes_rg/providers/Microsoft.Network/networkSecurityGroups/sshtraffic",
            "timeouts": null
          },
          "sensitive_attributes": [],
          "private": "eyJlMmJmYjczMC1lY2FhLTExZTYtOGY4OC0zNDM2M2JjN2M0YzAiOnsiY3JlYXRlIjoxODAwMDAwMDAwMDAwLCJkZWxldGUiOjE4MDAwMDAwMDAwMDAsInJlYWQiOjMwMDAwMDAwMDAwMCwidXBkYXRlIjoxODAwMDAwMDAwMDAwfX0=",
          "dependencies": [
            "azurerm_network_interface.myNic",
            "azurerm_network_security_group.mySecGroup",
            "azurerm_public_ip.myPublicIp",
            "azurerm_resource_group.rg",
            "azurerm_subnet.mySubnet",
            "azurerm_virtual_network.myNet"
          ]
        },
        {
          "index_key": 2,
          "schema_version": 0,
          "attributes": {
            "id": "/subscriptions/1cb28021-dd45-4b25-9002-d54ab7a6a2fd/resourceGroups/kubernetes_rg/providers/Microsoft.Network/networkInterfaces/vmnic-worker02|/subscriptions/1cb28021-dd45-4b25-9002-d54ab7a6a2fd/resourceGroups/kubernetes_rg/providers/Microsoft.Network/networkSecurityGroups/sshtraffic",
            "network_interface_id": "/subscriptions/1cb28021-dd45-4b25-9002-d54ab7a6a2fd/resourceGroups/kubernetes_rg/providers/Microsoft.Network/networkInterfaces/vmnic-worker02",
            "network_security_group_id": "/subscriptions/1cb28021-dd45-4b25-9002-d54ab7a6a2fd/resourceGroups/kubernetes_rg/providers/Microsoft.Network/networkSecurityGroups/sshtraffic",
            "timeouts": null
          },
          "sensitive_attributes": [],
          "private": "eyJlMmJmYjczMC1lY2FhLTExZTYtOGY4OC0zNDM2M2JjN2M0YzAiOnsiY3JlYXRlIjoxODAwMDAwMDAwMDAwLCJkZWxldGUiOjE4MDAwMDAwMDAwMDAsInJlYWQiOjMwMDAwMDAwMDAwMCwidXBkYXRlIjoxODAwMDAwMDAwMDAwfX0=",
          "dependencies": [
            "azurerm_network_interface.myNic",
            "azurerm_network_security_group.mySecGroup",
            "azurerm_public_ip.myPublicIp",
            "azurerm_resource_group.rg",
            "azurerm_subnet.mySubnet",
            "azurerm_virtual_network.myNet"
          ]
        },
        {
          "index_key": 3,
          "schema_version": 0,
          "attributes": {
            "id": "/subscriptions/1cb28021-dd45-4b25-9002-d54ab7a6a2fd/resourceGroups/kubernetes_rg/providers/Microsoft.Network/networkInterfaces/vmnic-nfs|/subscriptions/1cb28021-dd45-4b25-9002-d54ab7a6a2fd/resourceGroups/kubernetes_rg/providers/Microsoft.Network/networkSecurityGroups/sshtraffic",
            "network_interface_id": "/subscriptions/1cb28021-dd45-4b25-9002-d54ab7a6a2fd/resourceGroups/kubernetes_rg/providers/Microsoft.Network/networkInterfaces/vmnic-nfs",
            "network_security_group_id": "/subscriptions/1cb28021-dd45-4b25-9002-d54ab7a6a2fd/resourceGroups/kubernetes_rg/providers/Microsoft.Network/networkSecurityGroups/sshtraffic",
            "timeouts": null
          },
          "sensitive_attributes": [],
          "private": "eyJlMmJmYjczMC1lY2FhLTExZTYtOGY4OC0zNDM2M2JjN2M0YzAiOnsiY3JlYXRlIjoxODAwMDAwMDAwMDAwLCJkZWxldGUiOjE4MDAwMDAwMDAwMDAsInJlYWQiOjMwMDAwMDAwMDAwMCwidXBkYXRlIjoxODAwMDAwMDAwMDAwfX0=",
          "dependencies": [
            "azurerm_network_interface.myNic",
            "azurerm_network_security_group.mySecGroup",
            "azurerm_public_ip.myPublicIp",
            "azurerm_resource_group.rg",
            "azurerm_subnet.mySubnet",
            "azurerm_virtual_network.myNet"
          ]
        }
      ]
    },
    {
      "mode": "managed",
      "type": "azurerm_network_security_group",
      "name": "mySecGroup",
      "provider": "provider[\"registry.terraform.io/hashicorp/azurerm\"]",
      "instances": [
        {
          "schema_version": 0,
          "attributes": {
            "id": "/subscriptions/1cb28021-dd45-4b25-9002-d54ab7a6a2fd/resourceGroups/kubernetes_rg/providers/Microsoft.Network/networkSecurityGroups/sshtraffic",
            "location": "westeurope",
            "name": "sshtraffic",
            "resource_group_name": "kubernetes_rg",
            "security_rule": [
              {
                "access": "Allow",
                "description": "",
                "destination_address_prefix": "*",
                "destination_address_prefixes": [],
                "destination_application_security_group_ids": [],
                "destination_port_range": "22",
                "destination_port_ranges": [],
                "direction": "Inbound",
                "name": "SSH",
                "priority": 1001,
                "protocol": "Tcp",
                "source_address_prefix": "*",
                "source_address_prefixes": [],
                "source_application_security_group_ids": [],
                "source_port_range": "*",
                "source_port_ranges": []
              }
            ],
            "tags": {
              "environment": "CP2"
            },
            "timeouts": null
          },
          "sensitive_attributes": [],
          "private": "eyJlMmJmYjczMC1lY2FhLTExZTYtOGY4OC0zNDM2M2JjN2M0YzAiOnsiY3JlYXRlIjoxODAwMDAwMDAwMDAwLCJkZWxldGUiOjE4MDAwMDAwMDAwMDAsInJlYWQiOjMwMDAwMDAwMDAwMCwidXBkYXRlIjoxODAwMDAwMDAwMDAwfX0=",
          "dependencies": [
            "azurerm_resource_group.rg"
          ]
        }
      ]
    },
    {
      "mode": "managed",
      "type": "azurerm_public_ip",
      "name": "myPublicIp",
      "provider": "provider[\"registry.terraform.io/hashicorp/azurerm\"]",
      "instances": [
        {
          "index_key": 0,
          "schema_version": 0,
          "attributes": {
            "allocation_method": "Dynamic",
            "domain_name_label": null,
            "fqdn": null,
            "id": "/subscriptions/1cb28021-dd45-4b25-9002-d54ab7a6a2fd/resourceGroups/kubernetes_rg/providers/Microsoft.Network/publicIPAddresses/vmip-master",
            "idle_timeout_in_minutes": 4,
            "ip_address": "",
            "ip_version": "IPv4",
            "location": "westeurope",
            "name": "vmip-master",
            "public_ip_prefix_id": null,
            "resource_group_name": "kubernetes_rg",
            "reverse_fqdn": null,
            "sku": "Basic",
            "tags": {
              "environment": "CP2"
            },
            "timeouts": null,
            "zones": null
          },
          "sensitive_attributes": [],
          "private": "eyJlMmJmYjczMC1lY2FhLTExZTYtOGY4OC0zNDM2M2JjN2M0YzAiOnsiY3JlYXRlIjoxODAwMDAwMDAwMDAwLCJkZWxldGUiOjE4MDAwMDAwMDAwMDAsInJlYWQiOjMwMDAwMDAwMDAwMCwidXBkYXRlIjoxODAwMDAwMDAwMDAwfX0=",
          "dependencies": [
            "azurerm_resource_group.rg"
          ]
        },
        {
          "index_key": 1,
          "schema_version": 0,
          "attributes": {
            "allocation_method": "Dynamic",
            "domain_name_label": null,
            "fqdn": null,
            "id": "/subscriptions/1cb28021-dd45-4b25-9002-d54ab7a6a2fd/resourceGroups/kubernetes_rg/providers/Microsoft.Network/publicIPAddresses/vmip-worker01",
            "idle_timeout_in_minutes": 4,
            "ip_address": "",
            "ip_version": "IPv4",
            "location": "westeurope",
            "name": "vmip-worker01",
            "public_ip_prefix_id": null,
            "resource_group_name": "kubernetes_rg",
            "reverse_fqdn": null,
            "sku": "Basic",
            "tags": {
              "environment": "CP2"
            },
            "timeouts": null,
            "zones": null
          },
          "sensitive_attributes": [],
          "private": "eyJlMmJmYjczMC1lY2FhLTExZTYtOGY4OC0zNDM2M2JjN2M0YzAiOnsiY3JlYXRlIjoxODAwMDAwMDAwMDAwLCJkZWxldGUiOjE4MDAwMDAwMDAwMDAsInJlYWQiOjMwMDAwMDAwMDAwMCwidXBkYXRlIjoxODAwMDAwMDAwMDAwfX0=",
          "dependencies": [
            "azurerm_resource_group.rg"
          ]
        },
        {
          "index_key": 2,
          "schema_version": 0,
          "attributes": {
            "allocation_method": "Dynamic",
            "domain_name_label": null,
            "fqdn": null,
            "id": "/subscriptions/1cb28021-dd45-4b25-9002-d54ab7a6a2fd/resourceGroups/kubernetes_rg/providers/Microsoft.Network/publicIPAddresses/vmip-worker02",
            "idle_timeout_in_minutes": 4,
            "ip_address": "",
            "ip_version": "IPv4",
            "location": "westeurope",
            "name": "vmip-worker02",
            "public_ip_prefix_id": null,
            "resource_group_name": "kubernetes_rg",
            "reverse_fqdn": null,
            "sku": "Basic",
            "tags": {
              "environment": "CP2"
            },
            "timeouts": null,
            "zones": null
          },
          "sensitive_attributes": [],
          "private": "eyJlMmJmYjczMC1lY2FhLTExZTYtOGY4OC0zNDM2M2JjN2M0YzAiOnsiY3JlYXRlIjoxODAwMDAwMDAwMDAwLCJkZWxldGUiOjE4MDAwMDAwMDAwMDAsInJlYWQiOjMwMDAwMDAwMDAwMCwidXBkYXRlIjoxODAwMDAwMDAwMDAwfX0=",
          "dependencies": [
            "azurerm_resource_group.rg"
          ]
        },
        {
          "index_key": 3,
          "schema_version": 0,
          "attributes": {
            "allocation_method": "Dynamic",
            "domain_name_label": null,
            "fqdn": null,
            "id": "/subscriptions/1cb28021-dd45-4b25-9002-d54ab7a6a2fd/resourceGroups/kubernetes_rg/providers/Microsoft.Network/publicIPAddresses/vmip-nfs",
            "idle_timeout_in_minutes": 4,
            "ip_address": "",
            "ip_version": "IPv4",
            "location": "westeurope",
            "name": "vmip-nfs",
            "public_ip_prefix_id": null,
            "resource_group_name": "kubernetes_rg",
            "reverse_fqdn": null,
            "sku": "Basic",
            "tags": {
              "environment": "CP2"
            },
            "timeouts": null,
            "zones": null
          },
          "sensitive_attributes": [],
          "private": "eyJlMmJmYjczMC1lY2FhLTExZTYtOGY4OC0zNDM2M2JjN2M0YzAiOnsiY3JlYXRlIjoxODAwMDAwMDAwMDAwLCJkZWxldGUiOjE4MDAwMDAwMDAwMDAsInJlYWQiOjMwMDAwMDAwMDAwMCwidXBkYXRlIjoxODAwMDAwMDAwMDAwfX0=",
          "dependencies": [
            "azurerm_resource_group.rg"
          ]
        }
      ]
    },
    {
      "mode": "managed",
      "type": "azurerm_resource_group",
      "name": "rg",
      "provider": "provider[\"registry.terraform.io/hashicorp/azurerm\"]",
      "instances": [
        {
          "schema_version": 0,
          "attributes": {
            "id": "/subscriptions/1cb28021-dd45-4b25-9002-d54ab7a6a2fd/resourceGroups/kubernetes_rg",
            "location": "westeurope",
            "name": "kubernetes_rg",
            "tags": {
              "environment": "CP2"
            },
            "timeouts": null
          },
          "sensitive_attributes": [],
          "private": "eyJlMmJmYjczMC1lY2FhLTExZTYtOGY4OC0zNDM2M2JjN2M0YzAiOnsiY3JlYXRlIjo1NDAwMDAwMDAwMDAwLCJkZWxldGUiOjU0MDAwMDAwMDAwMDAsInJlYWQiOjMwMDAwMDAwMDAwMCwidXBkYXRlIjo1NDAwMDAwMDAwMDAwfX0="
        }
      ]
    },
    {
      "mode": "managed",
      "type": "azurerm_storage_account",
      "name": "stAccount",
      "provider": "provider[\"registry.terraform.io/hashicorp/azurerm\"]",
      "instances": [
        {
          "schema_version": 2,
          "attributes": {
            "access_tier": "Hot",
            "account_kind": "StorageV2",
            "account_replication_type": "LRS",
            "account_tier": "Standard",
            "allow_blob_public_access": false,
            "blob_properties": [],
            "custom_domain": [],
            "enable_https_traffic_only": true,
            "id": "/subscriptions/1cb28021-dd45-4b25-9002-d54ab7a6a2fd/resourceGroups/kubernetes_rg/providers/Microsoft.Storage/storageAccounts/storageaccborjary",
            "identity": [],
            "is_hns_enabled": false,
            "large_file_share_enabled": null,
            "location": "westeurope",
            "min_tls_version": "TLS1_0",
            "name": "storageaccborjary",
            "network_rules": [
              {
                "bypass": [
                  "AzureServices"
                ],
                "default_action": "Allow",
                "ip_rules": [],
                "virtual_network_subnet_ids": []
              }
            ],
            "primary_access_key": "pP2Nbp28LhBCoM/aQmCtXV2tFs7S8+bS8WwUwdBfwUWwUqSWc2y4CRwgPNBt67g/D/mifVPpvPiSV7nsrOHNkQ==",
            "primary_blob_connection_string": "DefaultEndpointsProtocol=https;BlobEndpoint=https://storageaccborjary.blob.core.windows.net/;AccountName=storageaccborjary;AccountKey=pP2Nbp28LhBCoM/aQmCtXV2tFs7S8+bS8WwUwdBfwUWwUqSWc2y4CRwgPNBt67g/D/mifVPpvPiSV7nsrOHNkQ==",
            "primary_blob_endpoint": "https://storageaccborjary.blob.core.windows.net/",
            "primary_blob_host": "storageaccborjary.blob.core.windows.net",
            "primary_connection_string": "DefaultEndpointsProtocol=https;AccountName=storageaccborjary;AccountKey=pP2Nbp28LhBCoM/aQmCtXV2tFs7S8+bS8WwUwdBfwUWwUqSWc2y4CRwgPNBt67g/D/mifVPpvPiSV7nsrOHNkQ==;EndpointSuffix=core.windows.net",
            "primary_dfs_endpoint": "https://storageaccborjary.dfs.core.windows.net/",
            "primary_dfs_host": "storageaccborjary.dfs.core.windows.net",
            "primary_file_endpoint": "https://storageaccborjary.file.core.windows.net/",
            "primary_file_host": "storageaccborjary.file.core.windows.net",
            "primary_location": "westeurope",
            "primary_queue_endpoint": "https://storageaccborjary.queue.core.windows.net/",
            "primary_queue_host": "storageaccborjary.queue.core.windows.net",
            "primary_table_endpoint": "https://storageaccborjary.table.core.windows.net/",
            "primary_table_host": "storageaccborjary.table.core.windows.net",
            "primary_web_endpoint": "https://storageaccborjary.z6.web.core.windows.net/",
            "primary_web_host": "storageaccborjary.z6.web.core.windows.net",
            "queue_properties": [
              {
                "cors_rule": [],
                "hour_metrics": [
                  {
                    "enabled": true,
                    "include_apis": true,
                    "retention_policy_days": 7,
                    "version": "1.0"
                  }
                ],
                "logging": [
                  {
                    "delete": false,
                    "read": false,
                    "retention_policy_days": 0,
                    "version": "1.0",
                    "write": false
                  }
                ],
                "minute_metrics": [
                  {
                    "enabled": false,
                    "include_apis": false,
                    "retention_policy_days": 0,
                    "version": "1.0"
                  }
                ]
              }
            ],
            "resource_group_name": "kubernetes_rg",
            "secondary_access_key": "PM7cde/pZg5Q5chnti4psJEWg3vdFHYK0yZ6VG97xD8Eb5PBE1N144OLZKti6VO6aV0SeH/2C5F2OKA5SSRTQQ==",
            "secondary_blob_connection_string": "",
            "secondary_blob_endpoint": null,
            "secondary_blob_host": null,
            "secondary_connection_string": "DefaultEndpointsProtocol=https;AccountName=storageaccborjary;AccountKey=PM7cde/pZg5Q5chnti4psJEWg3vdFHYK0yZ6VG97xD8Eb5PBE1N144OLZKti6VO6aV0SeH/2C5F2OKA5SSRTQQ==;EndpointSuffix=core.windows.net",
            "secondary_dfs_endpoint": null,
            "secondary_dfs_host": null,
            "secondary_file_endpoint": null,
            "secondary_file_host": null,
            "secondary_location": "",
            "secondary_queue_endpoint": null,
            "secondary_queue_host": null,
            "secondary_table_endpoint": null,
            "secondary_table_host": null,
            "secondary_web_endpoint": null,
            "secondary_web_host": null,
            "static_website": [],
            "tags": {
              "environment": "CP2"
            },
            "timeouts": null
          },
          "sensitive_attributes": [],
          "private": "eyJlMmJmYjczMC1lY2FhLTExZTYtOGY4OC0zNDM2M2JjN2M0YzAiOnsiY3JlYXRlIjozNjAwMDAwMDAwMDAwLCJkZWxldGUiOjM2MDAwMDAwMDAwMDAsInJlYWQiOjMwMDAwMDAwMDAwMCwidXBkYXRlIjozNjAwMDAwMDAwMDAwfSwic2NoZW1hX3ZlcnNpb24iOiIyIn0=",
          "dependencies": [
            "azurerm_resource_group.rg"
          ]
        }
      ]
    },
    {
      "mode": "managed",
      "type": "azurerm_subnet",
      "name": "mySubnet",
      "provider": "provider[\"registry.terraform.io/hashicorp/azurerm\"]",
      "instances": [
        {
          "index_key": 0,
          "schema_version": 0,
          "attributes": {
            "address_prefix": "10.0.1.0/24",
            "address_prefixes": [
              "10.0.1.0/24"
            ],
            "delegation": [],
            "enforce_private_link_endpoint_network_policies": false,
            "enforce_private_link_service_network_policies": false,
            "id": "/subscriptions/1cb28021-dd45-4b25-9002-d54ab7a6a2fd/resourceGroups/kubernetes_rg/providers/Microsoft.Network/virtualNetworks/kubernetesnet-master/subnets/terraformsubnet-master",
            "name": "terraformsubnet-master",
            "resource_group_name": "kubernetes_rg",
            "service_endpoint_policy_ids": null,
            "service_endpoints": null,
            "timeouts": null,
            "virtual_network_name": "kubernetesnet-master"
          },
          "sensitive_attributes": [],
          "private": "eyJlMmJmYjczMC1lY2FhLTExZTYtOGY4OC0zNDM2M2JjN2M0YzAiOnsiY3JlYXRlIjoxODAwMDAwMDAwMDAwLCJkZWxldGUiOjE4MDAwMDAwMDAwMDAsInJlYWQiOjMwMDAwMDAwMDAwMCwidXBkYXRlIjoxODAwMDAwMDAwMDAwfX0=",
          "dependencies": [
            "azurerm_resource_group.rg",
            "azurerm_virtual_network.myNet"
          ]
        },
        {
          "index_key": 1,
          "schema_version": 0,
          "attributes": {
            "address_prefix": "10.0.2.0/24",
            "address_prefixes": [
              "10.0.2.0/24"
            ],
            "delegation": [],
            "enforce_private_link_endpoint_network_policies": false,
            "enforce_private_link_service_network_policies": false,
            "id": "/subscriptions/1cb28021-dd45-4b25-9002-d54ab7a6a2fd/resourceGroups/kubernetes_rg/providers/Microsoft.Network/virtualNetworks/kubernetesnet-worker01/subnets/terraformsubnet-worker01",
            "name": "terraformsubnet-worker01",
            "resource_group_name": "kubernetes_rg",
            "service_endpoint_policy_ids": null,
            "service_endpoints": null,
            "timeouts": null,
            "virtual_network_name": "kubernetesnet-worker01"
          },
          "sensitive_attributes": [],
          "private": "eyJlMmJmYjczMC1lY2FhLTExZTYtOGY4OC0zNDM2M2JjN2M0YzAiOnsiY3JlYXRlIjoxODAwMDAwMDAwMDAwLCJkZWxldGUiOjE4MDAwMDAwMDAwMDAsInJlYWQiOjMwMDAwMDAwMDAwMCwidXBkYXRlIjoxODAwMDAwMDAwMDAwfX0=",
          "dependencies": [
            "azurerm_resource_group.rg",
            "azurerm_virtual_network.myNet"
          ]
        },
        {
          "index_key": 2,
          "schema_version": 0,
          "attributes": {
            "address_prefix": "10.0.3.0/24",
            "address_prefixes": [
              "10.0.3.0/24"
            ],
            "delegation": [],
            "enforce_private_link_endpoint_network_policies": false,
            "enforce_private_link_service_network_policies": false,
            "id": "/subscriptions/1cb28021-dd45-4b25-9002-d54ab7a6a2fd/resourceGroups/kubernetes_rg/providers/Microsoft.Network/virtualNetworks/kubernetesnet-worker02/subnets/terraformsubnet-worker02",
            "name": "terraformsubnet-worker02",
            "resource_group_name": "kubernetes_rg",
            "service_endpoint_policy_ids": null,
            "service_endpoints": null,
            "timeouts": null,
            "virtual_network_name": "kubernetesnet-worker02"
          },
          "sensitive_attributes": [],
          "private": "eyJlMmJmYjczMC1lY2FhLTExZTYtOGY4OC0zNDM2M2JjN2M0YzAiOnsiY3JlYXRlIjoxODAwMDAwMDAwMDAwLCJkZWxldGUiOjE4MDAwMDAwMDAwMDAsInJlYWQiOjMwMDAwMDAwMDAwMCwidXBkYXRlIjoxODAwMDAwMDAwMDAwfX0=",
          "dependencies": [
            "azurerm_resource_group.rg",
            "azurerm_virtual_network.myNet"
          ]
        },
        {
          "index_key": 3,
          "schema_version": 0,
          "attributes": {
            "address_prefix": "10.0.4.0/24",
            "address_prefixes": [
              "10.0.4.0/24"
            ],
            "delegation": [],
            "enforce_private_link_endpoint_network_policies": false,
            "enforce_private_link_service_network_policies": false,
            "id": "/subscriptions/1cb28021-dd45-4b25-9002-d54ab7a6a2fd/resourceGroups/kubernetes_rg/providers/Microsoft.Network/virtualNetworks/kubernetesnet-nfs/subnets/terraformsubnet-nfs",
            "name": "terraformsubnet-nfs",
            "resource_group_name": "kubernetes_rg",
            "service_endpoint_policy_ids": null,
            "service_endpoints": null,
            "timeouts": null,
            "virtual_network_name": "kubernetesnet-nfs"
          },
          "sensitive_attributes": [],
          "private": "eyJlMmJmYjczMC1lY2FhLTExZTYtOGY4OC0zNDM2M2JjN2M0YzAiOnsiY3JlYXRlIjoxODAwMDAwMDAwMDAwLCJkZWxldGUiOjE4MDAwMDAwMDAwMDAsInJlYWQiOjMwMDAwMDAwMDAwMCwidXBkYXRlIjoxODAwMDAwMDAwMDAwfX0=",
          "dependencies": [
            "azurerm_resource_group.rg",
            "azurerm_virtual_network.myNet"
          ]
        }
      ]
    },
    {
      "mode": "managed",
      "type": "azurerm_virtual_network",
      "name": "myNet",
      "provider": "provider[\"registry.terraform.io/hashicorp/azurerm\"]",
      "instances": [
        {
          "index_key": 0,
          "schema_version": 0,
          "attributes": {
            "address_space": [
              "10.0.0.0/16"
            ],
            "bgp_community": "",
            "ddos_protection_plan": [],
            "dns_servers": null,
            "guid": "adffc4d5-dc96-4d87-bb76-e8836e0a612e",
            "id": "/subscriptions/1cb28021-dd45-4b25-9002-d54ab7a6a2fd/resourceGroups/kubernetes_rg/providers/Microsoft.Network/virtualNetworks/kubernetesnet-master",
            "location": "westeurope",
            "name": "kubernetesnet-master",
            "resource_group_name": "kubernetes_rg",
            "subnet": [],
            "tags": {
              "environment": "CP2"
            },
            "timeouts": null,
            "vm_protection_enabled": false
          },
          "sensitive_attributes": [],
          "private": "eyJlMmJmYjczMC1lY2FhLTExZTYtOGY4OC0zNDM2M2JjN2M0YzAiOnsiY3JlYXRlIjoxODAwMDAwMDAwMDAwLCJkZWxldGUiOjE4MDAwMDAwMDAwMDAsInJlYWQiOjMwMDAwMDAwMDAwMCwidXBkYXRlIjoxODAwMDAwMDAwMDAwfX0=",
          "dependencies": [
            "azurerm_resource_group.rg"
          ]
        },
        {
          "index_key": 1,
          "schema_version": 0,
          "attributes": {
            "address_space": [
              "10.0.0.0/16"
            ],
            "bgp_community": "",
            "ddos_protection_plan": [],
            "dns_servers": null,
            "guid": "6a1362f8-7f01-4004-aa09-f59c3e379f0f",
            "id": "/subscriptions/1cb28021-dd45-4b25-9002-d54ab7a6a2fd/resourceGroups/kubernetes_rg/providers/Microsoft.Network/virtualNetworks/kubernetesnet-worker01",
            "location": "westeurope",
            "name": "kubernetesnet-worker01",
            "resource_group_name": "kubernetes_rg",
            "subnet": [],
            "tags": {
              "environment": "CP2"
            },
            "timeouts": null,
            "vm_protection_enabled": false
          },
          "sensitive_attributes": [],
          "private": "eyJlMmJmYjczMC1lY2FhLTExZTYtOGY4OC0zNDM2M2JjN2M0YzAiOnsiY3JlYXRlIjoxODAwMDAwMDAwMDAwLCJkZWxldGUiOjE4MDAwMDAwMDAwMDAsInJlYWQiOjMwMDAwMDAwMDAwMCwidXBkYXRlIjoxODAwMDAwMDAwMDAwfX0=",
          "dependencies": [
            "azurerm_resource_group.rg"
          ]
        },
        {
          "index_key": 2,
          "schema_version": 0,
          "attributes": {
            "address_space": [
              "10.0.0.0/16"
            ],
            "bgp_community": "",
            "ddos_protection_plan": [],
            "dns_servers": null,
            "guid": "076a086b-0b4f-425f-b4de-ba7a6f76e1a6",
            "id": "/subscriptions/1cb28021-dd45-4b25-9002-d54ab7a6a2fd/resourceGroups/kubernetes_rg/providers/Microsoft.Network/virtualNetworks/kubernetesnet-worker02",
            "location": "westeurope",
            "name": "kubernetesnet-worker02",
            "resource_group_name": "kubernetes_rg",
            "subnet": [],
            "tags": {
              "environment": "CP2"
            },
            "timeouts": null,
            "vm_protection_enabled": false
          },
          "sensitive_attributes": [],
          "private": "eyJlMmJmYjczMC1lY2FhLTExZTYtOGY4OC0zNDM2M2JjN2M0YzAiOnsiY3JlYXRlIjoxODAwMDAwMDAwMDAwLCJkZWxldGUiOjE4MDAwMDAwMDAwMDAsInJlYWQiOjMwMDAwMDAwMDAwMCwidXBkYXRlIjoxODAwMDAwMDAwMDAwfX0=",
          "dependencies": [
            "azurerm_resource_group.rg"
          ]
        },
        {
          "index_key": 3,
          "schema_version": 0,
          "attributes": {
            "address_space": [
              "10.0.0.0/16"
            ],
            "bgp_community": "",
            "ddos_protection_plan": [],
            "dns_servers": null,
            "guid": "e7e14105-1593-4aaa-82fc-f94ea213b78e",
            "id": "/subscriptions/1cb28021-dd45-4b25-9002-d54ab7a6a2fd/resourceGroups/kubernetes_rg/providers/Microsoft.Network/virtualNetworks/kubernetesnet-nfs",
            "location": "westeurope",
            "name": "kubernetesnet-nfs",
            "resource_group_name": "kubernetes_rg",
            "subnet": [],
            "tags": {
              "environment": "CP2"
            },
            "timeouts": null,
            "vm_protection_enabled": false
          },
          "sensitive_attributes": [],
          "private": "eyJlMmJmYjczMC1lY2FhLTExZTYtOGY4OC0zNDM2M2JjN2M0YzAiOnsiY3JlYXRlIjoxODAwMDAwMDAwMDAwLCJkZWxldGUiOjE4MDAwMDAwMDAwMDAsInJlYWQiOjMwMDAwMDAwMDAwMCwidXBkYXRlIjoxODAwMDAwMDAwMDAwfX0=",
          "dependencies": [
            "azurerm_resource_group.rg"
          ]
        }
      ]
    }
  ]
}
